{
  "name": "vue",
  "version": "1.0.0",
  "lockfileVersion": 1,
  "requires": true,
  "dependencies": {
    "fs-then": {
      "version": "0.2.0",
      "resolved": "https://registry.npmmirror.com/fs-then/download/fs-then-0.2.0.tgz",
      "integrity": "sha1-PPEdmrKOegvU9L5vaNEKgkPedu8=",
      "requires": {
        "node-then": "~0.1"
      }
    },
    "node-then": {
      "version": "0.1.0",
      "resolved": "https://registry.npmmirror.com/node-then/download/node-then-0.1.0.tgz",
      "integrity": "sha1-rxqJUSyuZwCCI48fktbLgLdflNI=",
      "requires": {
        "when": "~2.2"
      }
    },
    "when": {
      "version": "2.2.1",
      "resolved": "https://registry.npmmirror.com/when/download/when-2.2.1.tgz",
      "integrity": "sha1-sd75lAFzULgIf26adZarKDO9xxI="
    }
  }
}
